
Microsoft Visual Studio Solution File, Format Version 12.00
# Visual Studio Version 16
VisualStudioVersion = 16.0.30907.101
MinimumVisualStudioVersion = 10.0.40219.1
Project("{FAE04EC0-301F-11D3-BF4B-00C04F79EFBC}") = "SoruCevap", "SoruCevap\SoruCevap.csproj", "{4BDFD0E9-4FE8-4490-A869-E3419EEB2EE9}"
EndProject
Global
	GlobalSection(SolutionConfigurationPlatforms) = preSolution
		Debug|Any CPU = Debug|Any CPU
		Release|Any CPU = Release|Any CPU
	EndGlobalSection
	GlobalSection(ProjectConfigurationPlatforms) = postSolution
		{4BDFD0E9-4FE8-4490-A869-E3419EEB2EE9}.Debug|Any CPU.ActiveCfg = Debug|Any CPU
		{4BDFD0E9-4FE8-4490-A869-E3419EEB2EE9}.Debug|Any CPU.Build.0 = Debug|Any CPU
		{4BDFD0E9-4FE8-4490-A869-E3419EEB2EE9}.Release|Any CPU.ActiveCfg = Release|Any CPU
		{4BDFD0E9-4FE8-4490-A869-E3419EEB2EE9}.Release|Any CPU.Build.0 = Release|Any CPU
	EndGlobalSection
	GlobalSection(SolutionProperties) = preSolution
		HideSolutionNode = FALSE
	EndGlobalSection
	GlobalSection(ExtensibilityGlobals) = postSolution
		SolutionGuid = {A5E33A62-330C-461D-BF93-802156B7B7E5}
	EndGlobalSection
EndGlobal
